
Microsoft Visual Studio Solution File, Format Version 12.00
# Visual Studio Version 17
VisualStudioVersion = 17.7.34202.233
MinimumVisualStudioVersion = 10.0.40219.1
Project("{FAE04EC0-301F-11D3-BF4B-00C04F79EFBC}") = "Divorce Prediction", "Divorce Prediction\Divorce Prediction.csproj", "{D71DB2E5-77AA-4552-A204-EF1EB08DD3DB}"
EndProject
Global
	GlobalSection(SolutionConfigurationPlatforms) = preSolution
		Debug|Any CPU = Debug|Any CPU
		Release|Any CPU = Release|Any CPU
	EndGlobalSection
	GlobalSection(ProjectConfigurationPlatforms) = postSolution
		{D71DB2E5-77AA-4552-A204-EF1EB08DD3DB}.Debug|Any CPU.ActiveCfg = Debug|Any CPU
		{D71DB2E5-77AA-4552-A204-EF1EB08DD3DB}.Debug|Any CPU.Build.0 = Debug|Any CPU
		{D71DB2E5-77AA-4552-A204-EF1EB08DD3DB}.Debug|Any CPU.Deploy.0 = Debug|Any CPU
		{D71DB2E5-77AA-4552-A204-EF1EB08DD3DB}.Release|Any CPU.ActiveCfg = Release|Any CPU
		{D71DB2E5-77AA-4552-A204-EF1EB08DD3DB}.Release|Any CPU.Build.0 = Release|Any CPU
		{D71DB2E5-77AA-4552-A204-EF1EB08DD3DB}.Release|Any CPU.Deploy.0 = Release|Any CPU
	EndGlobalSection
	GlobalSection(SolutionProperties) = preSolution
		HideSolutionNode = FALSE
	EndGlobalSection
	GlobalSection(ExtensibilityGlobals) = postSolution
		SolutionGuid = {2CE21A78-CEF7-4995-A42A-F97B5B29C42E}
	EndGlobalSection
EndGlobal
